
Microsoft Visual Studio Solution File, Format Version 12.00
# Visual Studio 15
VisualStudioVersion = 15.0.27428.2037
MinimumVisualStudioVersion = 10.0.40219.1
Project("{8BC9CEB8-8B4A-11D0-8D11-00A0C91BC942}") = "ParticleFireSimulation", "ParticleFireSimulation\ParticleFireSimulation.vcxproj", "{739F1F21-E967-4886-8363-D0AC3ACC1663}"
EndProject
Global
	GlobalSection(SolutionConfigurationPlatforms) = preSolution
		Debug|x64 = Debug|x64
		Debug|x86 = Debug|x86
		Release|x64 = Release|x64
		Release|x86 = Release|x86
	EndGlobalSection
	GlobalSection(ProjectConfigurationPlatforms) = postSolution
		{739F1F21-E967-4886-8363-D0AC3ACC1663}.Debug|x64.ActiveCfg = Debug|x64
		{739F1F21-E967-4886-8363-D0AC3ACC1663}.Debug|x64.Build.0 = Debug|x64
		{739F1F21-E967-4886-8363-D0AC3ACC1663}.Debug|x86.ActiveCfg = Debug|Win32
		{739F1F21-E967-4886-8363-D0AC3ACC1663}.Debug|x86.Build.0 = Debug|Win32
		{739F1F21-E967-4886-8363-D0AC3ACC1663}.Release|x64.ActiveCfg = Release|x64
		{739F1F21-E967-4886-8363-D0AC3ACC1663}.Release|x64.Build.0 = Release|x64
		{739F1F21-E967-4886-8363-D0AC3ACC1663}.Release|x86.ActiveCfg = Release|Win32
		{739F1F21-E967-4886-8363-D0AC3ACC1663}.Release|x86.Build.0 = Release|Win32
	EndGlobalSection
	GlobalSection(SolutionProperties) = preSolution
		HideSolutionNode = FALSE
	EndGlobalSection
	GlobalSection(ExtensibilityGlobals) = postSolution
		SolutionGuid = {8FA1B013-9690-4DE4-9C67-48DAD755D442}
	EndGlobalSection
EndGlobal
